
Microsoft Visual Studio Solution File, Format Version 12.00
# Visual Studio Version 17
VisualStudioVersion = 17.3.32929.385
MinimumVisualStudioVersion = 10.0.40219.1
Project("{FAE04EC0-301F-11D3-BF4B-00C04F79EFBC}") = "EmployeeWageProblem", "EmployeeWageProblem.csproj", "{47ED4C03-E300-4D7A-9D53-D5BA22E77062}"
EndProject
Global
	GlobalSection(SolutionConfigurationPlatforms) = preSolution
		Debug|Any CPU = Debug|Any CPU
		Release|Any CPU = Release|Any CPU
	EndGlobalSection
	GlobalSection(ProjectConfigurationPlatforms) = postSolution
		{47ED4C03-E300-4D7A-9D53-D5BA22E77062}.Debug|Any CPU.ActiveCfg = Debug|Any CPU
		{47ED4C03-E300-4D7A-9D53-D5BA22E77062}.Debug|Any CPU.Build.0 = Debug|Any CPU
		{47ED4C03-E300-4D7A-9D53-D5BA22E77062}.Release|Any CPU.ActiveCfg = Release|Any CPU
		{47ED4C03-E300-4D7A-9D53-D5BA22E77062}.Release|Any CPU.Build.0 = Release|Any CPU
	EndGlobalSection
	GlobalSection(SolutionProperties) = preSolution
		HideSolutionNode = FALSE
	EndGlobalSection
	GlobalSection(ExtensibilityGlobals) = postSolution
		SolutionGuid = {ED9097FC-83C3-4ADC-8BE5-17843EB284D8}
	EndGlobalSection
EndGlobal
